// !$*UTF8*$!
{
	archiveVersion = 1;
	classes = {
	};
	objectVersion = 50;
	objects = {

/* Begin PBXBuildFile section */
		A95EB1C020FEC7DD00153CCE /* AppDelegate.swift in Sources */ = {isa = PBXBuildFile; fileRef = A95EB1BF20FEC7DD00153CCE /* AppDelegate.swift */; };
		A95EB1C220FEC7DD00153CCE /* ViewController.swift in Sources */ = {isa = PBXBuildFile; fileRef = A95EB1C120FEC7DD00153CCE /* ViewController.swift */; };
		A95EB1C520FEC7DD00153CCE /* Main.storyboard in Resources */ = {isa = PBXBuildFile; fileRef = A95EB1C320FEC7DD00153CCE /* Main.storyboard */; };
		A95EB1C720FEC7DE00153CCE /* Assets.xcassets in Resources */ = {isa = PBXBuildFile; fileRef = A95EB1C620FEC7DE00153CCE /* Assets.xcassets */; };
		A95EB1CA20FEC7DE00153CCE /* LaunchScreen.storyboard in Resources */ = {isa = PBXBuildFile; fileRef = A95EB1C820FEC7DE00153CCE /* LaunchScreen.storyboard */; };
		A95EB1D420FEC83E00153CCE /* AccessGranted.wav in Resources */ = {isa = PBXBuildFile; fileRef = A95EB1D220FEC83E00153CCE /* AccessGranted.wav */; };
		A95EB1D520FEC83E00153CCE /* AccessDenied.wav in Resources */ = {isa = PBXBuildFile; fileRef = A95EB1D320FEC83E00153CCE /* AccessDenied.wav */; };
		A95EB1D920FEC85E00153CCE /* AmusementPark.swift in Sources */ = {isa = PBXBuildFile; fileRef = A95EB1D620FEC85E00153CCE /* AmusementPark.swift */; };
		A95EB1DA20FEC85E00153CCE /* Entrant.swift in Sources */ = {isa = PBXBuildFile; fileRef = A95EB1D720FEC85E00153CCE /* Entrant.swift */; };
		A95EB1DB20FEC85E00153CCE /* Pass.swift in Sources */ = {isa = PBXBuildFile; fileRef = A95EB1D820FEC85E00153CCE /* Pass.swift */; };
/* End PBXBuildFile section */

/* Begin PBXFileReference section */
		A95EB1BC20FEC7DC00153CCE /* AmusementParkPassGeneratorPartTwo.app */ = {isa = PBXFileReference; explicitFileType = wrapper.application; includeInIndex = 0; path = AmusementParkPassGeneratorPartTwo.app; sourceTree = BUILT_PRODUCTS_DIR; };
		A95EB1BF20FEC7DD00153CCE /* AppDelegate.swift */ = {isa = PBXFileReference; lastKnownFileType = sourcecode.swift; path = AppDelegate.swift; sourceTree = "<group>"; };
		A95EB1C120FEC7DD00153CCE /* ViewController.swift */ = {isa = PBXFileReference; lastKnownFileType = sourcecode.swift; path = ViewController.swift; sourceTree = "<group>"; };
		A95EB1C420FEC7DD00153CCE /* Base */ = {isa = PBXFileReference; lastKnownFileType = file.storyboard; name = Base; path = Base.lproj/Main.storyboard; sourceTree = "<group>"; };
		A95EB1C620FEC7DE00153CCE /* Assets.xcassets */ = {isa = PBXFileReference; lastKnownFileType = folder.assetcatalog; path = Assets.xcassets; sourceTree = "<group>"; };
		A95EB1C920FEC7DE00153CCE /* Base */ = {isa = PBXFileReference; lastKnownFileType = file.storyboard; name = Base; path = Base.lproj/LaunchScreen.storyboard; sourceTree = "<group>"; };
		A95EB1CB20FEC7DE00153CCE /* Info.plist */ = {isa = PBXFileReference; lastKnownFileType = text.plist.xml; path = Info.plist; sourceTree = "<group>"; };
		A95EB1D220FEC83E00153CCE /* AccessGranted.wav */ = {isa = PBXFileReference; lastKnownFileType = audio.wav; path = AccessGranted.wav; sourceTree = "<group>"; };
		A95EB1D320FEC83E00153CCE /* AccessDenied.wav */ = {isa = PBXFileReference; lastKnownFileType = audio.wav; path = AccessDenied.wav; sourceTree = "<group>"; };
		A95EB1D620FEC85E00153CCE /* AmusementPark.swift */ = {isa = PBXFileReference; fileEncoding = 4; lastKnownFileType = sourcecode.swift; path = AmusementPark.swift; sourceTree = "<group>"; };
		A95EB1D720FEC85E00153CCE /* Entrant.swift */ = {isa = PBXFileReference; fileEncoding = 4; lastKnownFileType = sourcecode.swift; path = Entrant.swift; sourceTree = "<group>"; };
		A95EB1D820FEC85E00153CCE /* Pass.swift */ = {isa = PBXFileReference; fileEncoding = 4; lastKnownFileType = sourcecode.swift; path = Pass.swift; sourceTree = "<group>"; };
/* End PBXFileReference section */

/* Begin PBXFrameworksBuildPhase section */
		A95EB1B920FEC7DC00153CCE /* Frameworks */ = {
			isa = PBXFrameworksBuildPhase;
			buildActionMask = 2147483647;
			files = (
			);
			runOnlyForDeploymentPostprocessing = 0;
		};
/* End PBXFrameworksBuildPhase section */

/* Begin PBXGroup section */
		A95EB1B320FEC7DC00153CCE = {
			isa = PBXGroup;
			children = (
				A95EB1BE20FEC7DC00153CCE /* AmusementParkPassGeneratorPartTwo */,
				A95EB1BD20FEC7DC00153CCE /* Products */,
			);
			sourceTree = "<group>";
		};
		A95EB1BD20FEC7DC00153CCE /* Products */ = {
			isa = PBXGroup;
			children = (
				A95EB1BC20FEC7DC00153CCE /* AmusementParkPassGeneratorPartTwo.app */,
			);
			name = Products;
			sourceTree = "<group>";
		};
		A95EB1BE20FEC7DC00153CCE /* AmusementParkPassGeneratorPartTwo */ = {
			isa = PBXGroup;
			children = (
				A95EB1D120FEC80800153CCE /* Sounds */,
				A95EB1BF20FEC7DD00153CCE /* AppDelegate.swift */,
				A95EB1C120FEC7DD00153CCE /* ViewController.swift */,
				A95EB1C320FEC7DD00153CCE /* Main.storyboard */,
				A95EB1C620FEC7DE00153CCE /* Assets.xcassets */,
				A95EB1C820FEC7DE00153CCE /* LaunchScreen.storyboard */,
				A95EB1CB20FEC7DE00153CCE /* Info.plist */,
				A95EB1D620FEC85E00153CCE /* AmusementPark.swift */,
				A95EB1D720FEC85E00153CCE /* Entrant.swift */,
				A95EB1D820FEC85E00153CCE /* Pass.swift */,
			);
			path = AmusementParkPassGeneratorPartTwo;
			sourceTree = "<group>";
		};
		A95EB1D120FEC80800153CCE /* Sounds */ = {
			isa = PBXGroup;
			children = (
				A95EB1D320FEC83E00153CCE /* AccessDenied.wav */,
				A95EB1D220FEC83E00153CCE /* AccessGranted.wav */,
			);
			path = Sounds;
			sourceTree = "<group>";
		};
/* End PBXGroup section */

/* Begin PBXNativeTarget section */
		A95EB1BB20FEC7DC00153CCE /* AmusementParkPassGeneratorPartTwo */ = {
			isa = PBXNativeTarget;
			buildConfigurationList = A95EB1CE20FEC7DE00153CCE /* Build configuration list for PBXNativeTarget "AmusementParkPassGeneratorPartTwo" */;
			buildPhases = (
				A95EB1B820FEC7DC00153CCE /* Sources */,
				A95EB1B920FEC7DC00153CCE /* Frameworks */,
				A95EB1BA20FEC7DC00153CCE /* Resources */,
			);
			buildRules = (
			);
			dependencies = (
			);
			name = AmusementParkPassGeneratorPartTwo;
			productName = AmusementParkPassGeneratorPartTwo;
			productReference = A95EB1BC20FEC7DC00153CCE /* AmusementParkPassGeneratorPartTwo.app */;
			productType = "com.apple.product-type.application";
		};
/* End PBXNativeTarget section */

/* Begin PBXProject section */
		A95EB1B420FEC7DC00153CCE /* Project object */ = {
			isa = PBXProject;
			attributes = {
				LastSwiftUpdateCheck = 0940;
				LastUpgradeCheck = 0940;
				ORGANIZATIONNAME = mfukuoka;
				TargetAttributes = {
					A95EB1BB20FEC7DC00153CCE = {
						CreatedOnToolsVersion = 9.4.1;
					};
				};
			};
			buildConfigurationList = A95EB1B720FEC7DC00153CCE /* Build configuration list for PBXProject "AmusementParkPassGeneratorPartTwo" */;
			compatibilityVersion = "Xcode 9.3";
			developmentRegion = en;
			hasScannedForEncodings = 0;
			knownRegions = (
				en,
				Base,
			);
			mainGroup = A95EB1B320FEC7DC00153CCE;
			productRefGroup = A95EB1BD20FEC7DC00153CCE /* Products */;
			projectDirPath = "";
			projectRoot = "";
			targets = (
				A95EB1BB20FEC7DC00153CCE /* AmusementParkPassGeneratorPartTwo */,
			);
		};
/* End PBXProject section */

/* Begin PBXResourcesBuildPhase section */
		A95EB1BA20FEC7DC00153CCE /* Resources */ = {
			isa = PBXResourcesBuildPhase;
			buildActionMask = 2147483647;
			files = (
				A95EB1D420FEC83E00153CCE /* AccessGranted.wav in Resources */,
				A95EB1CA20FEC7DE00153CCE /* LaunchScreen.storyboard in Resources */,
				A95EB1C720FEC7DE00153CCE /* Assets.xcassets in Resources */,
				A95EB1D520FEC83E00153CCE /* AccessDenied.wav in Resources */,
				A95EB1C520FEC7DD00153CCE /* Main.storyboard in Resources */,
			);
			runOnlyForDeploymentPostprocessing = 0;
		};
/* End PBXResourcesBuildPhase section */

/* Begin PBXSourcesBuildPhase section */
		A95EB1B820FEC7DC00153CCE /* Sources */ = {
			isa = PBXSourcesBuildPhase;
			buildActionMask = 2147483647;
			files = (
				A95EB1DA20FEC85E00153CCE /* Entrant.swift in Sources */,
				A95EB1C220FEC7DD00153CCE /* ViewController.swift in Sources */,
				A95EB1C020FEC7DD00153CCE /* AppDelegate.swift in Sources */,
				A95EB1DB20FEC85E00153CCE /* Pass.swift in Sources */,
				A95EB1D920FEC85E00153CCE /* AmusementPark.swift in Sources */,
			);
			runOnlyForDeploymentPostprocessing = 0;
		};
/* End PBXSourcesBuildPhase section */

/* Begin PBXVariantGroup section */
		A95EB1C320FEC7DD00153CCE /* Main.storyboard */ = {
			isa = PBXVariantGroup;
			children = (
				A95EB1C420FEC7DD00153CCE /* Base */,
			);
			name = Main.storyboard;
			sourceTree = "<group>";
		};
		A95EB1C820FEC7DE00153CCE /* LaunchScreen.storyboard */ = {
			isa = PBXVariantGroup;
			children = (
				A95EB1C920FEC7DE00153CCE /* Base */,
			);
			name = LaunchScreen.storyboard;
			sourceTree = "<group>";
		};
/* End PBXVariantGroup section */

/* Begin XCBuildConfiguration section */
		A95EB1CC20FEC7DE00153CCE /* Debug */ = {
			isa = XCBuildConfiguration;
			buildSettings = {
				ALWAYS_SEARCH_USER_PATHS = NO;
				CLANG_ANALYZER_NONNULL = YES;
				CLANG_ANALYZER_NUMBER_OBJECT_CONVERSION = YES_AGGRESSIVE;
				CLANG_CXX_LANGUAGE_STANDARD = "gnu++14";
				CLANG_CXX_LIBRARY = "libc++";
				CLANG_ENABLE_MODULES = YES;
				CLANG_ENABLE_OBJC_ARC = YES;
				CLANG_ENABLE_OBJC_WEAK = YES;
				CLANG_WARN_BLOCK_CAPTURE_AUTORELEASING = YES;
				CLANG_WARN_BOOL_CONVERSION = YES;
				CLANG_WARN_COMMA = YES;
				CLANG_WARN_CONSTANT_CONVERSION = YES;
				CLANG_WARN_DEPRECATED_OBJC_IMPLEMENTATIONS = YES;
				CLANG_WARN_DIRECT_OBJC_ISA_USAGE = YES_ERROR;
				CLANG_WARN_DOCUMENTATION_COMMENTS = YES;
				CLANG_WARN_EMPTY_BODY = YES;
				CLANG_WARN_ENUM_CONVERSION = YES;
				CLANG_WARN_INFINITE_RECURSION = YES;
				CLANG_WARN_INT_CONVERSION = YES;
				CLANG_WARN_NON_LITERAL_NULL_CONVERSION = YES;
				CLANG_WARN_OBJC_IMPLICIT_RETAIN_SELF = YES;
				CLANG_WARN_OBJC_LITERAL_CONVERSION = YES;
				CLANG_WARN_OBJC_ROOT_CLASS = YES_ERROR;
				CLANG_WARN_RANGE_LOOP_ANALYSIS = YES;
				CLANG_WARN_STRICT_PROTOTYPES = YES;
				CLANG_WARN_SUSPICIOUS_MOVE = YES;
				CLANG_WARN_UNGUARDED_AVAILABILITY = YES_AGGRESSIVE;
				CLANG_WARN_UNREACHABLE_CODE = YES;
				CLANG_WARN__DUPLICATE_METHOD_MATCH = YES;
				CODE_SIGN_IDENTITY = "iPhone Developer";
				COPY_PHASE_STRIP = NO;
				DEBUG_INFORMATION_FORMAT = dwarf;
				ENABLE_STRICT_OBJC_MSGSEND = YES;
				ENABLE_TESTABILITY = YES;
				GCC_C_LANGUAGE_STANDARD = gnu11;
				GCC_DYNAMIC_NO_PIC = NO;
				GCC_NO_COMMON_BLOCKS = YES;
				GCC_OPTIMIZATION_LEVEL = 0;
				GCC_PREPROCESSOR_DEFINITIONS = (
					"DEBUG=1",
					"$(inherited)",
				);
				GCC_WARN_64_TO_32_BIT_CONVERSION = YES;
				GCC_WARN_ABOUT_RETURN_TYPE = YES_ERROR;
				GCC_WARN_UNDECLARED_SELECTOR = YES;
				GCC_WARN_UNINITIALIZED_AUTOS = YES_AGGRESSIVE;
				GCC_WARN_UNUSED_FUNCTION = YES;
				GCC_WARN_UNUSED_VARIABLE = YES;
				IPHONEOS_DEPLOYMENT_TARGET = 11.4;
				MTL_ENABLE_DEBUG_INFO = YES;
				ONLY_ACTIVE_ARCH = YES;
				SDKROOT = iphoneos;
				SWIFT_ACTIVE_COMPILATION_CONDITIONS = DEBUG;
				SWIFT_OPTIMIZATION_LEVEL = "-Onone";
			};
			name = Debug;
		};
		A95EB1CD20FEC7DE00153CCE /* Release */ = {
			isa = XCBuildConfiguration;
			buildSettings = {
				ALWAYS_SEARCH_USER_PATHS = NO;
				CLANG_ANALYZER_NONNULL = YES;
				CLANG_ANALYZER_NUMBER_OBJECT_CONVERSION = YES_AGGRESSIVE;
				CLANG_CXX_LANGUAGE_STANDARD = "gnu++14";
				CLANG_CXX_LIBRARY = "libc++";
				CLANG_ENABLE_MODULES = YES;
				CLANG_ENABLE_OBJC_ARC = YES;
				CLANG_ENABLE_OBJC_WEAK = YES;
				CLANG_WARN_BLOCK_CAPTURE_AUTORELEASING = YES;
				CLANG_WARN_BOOL_CONVERSION = YES;
				CLANG_WARN_COMMA = YES;
				CLANG_WARN_CONSTANT_CONVERSION = YES;
				CLANG_WARN_DEPRECATED_OBJC_IMPLEMENTATIONS = YES;
				CLANG_WARN_DIRECT_OBJC_ISA_USAGE = YES_ERROR;
				CLANG_WARN_DOCUMENTATION_COMMENTS = YES;
				CLANG_WARN_EMPTY_BODY = YES;
				CLANG_WARN_ENUM_CONVERSION = YES;
				CLANG_WARN_INFINITE_RECURSION = YES;
				CLANG_WARN_INT_CONVERSION = YES;
				CLANG_WARN_NON_LITERAL_NULL_CONVERSION = YES;
				CLANG_WARN_OBJC_IMPLICIT_RETAIN_SELF = YES;
				CLANG_WARN_OBJC_LITERAL_CONVERSION = YES;
				CLANG_WARN_OBJC_ROOT_CLASS = YES_ERROR;
				CLANG_WARN_RANGE_LOOP_ANALYSIS = YES;
				CLANG_WARN_STRICT_PROTOTYPES = YES;
				CLANG_WARN_SUSPICIOUS_MOVE = YES;
				CLANG_WARN_UNGUARDED_AVAILABILITY = YES_AGGRESSIVE;
				CLANG_WARN_UNREACHABLE_CODE = YES;
				CLANG_WARN__DUPLICATE_METHOD_MATCH = YES;
				CODE_SIGN_IDENTITY = "iPhone Developer";
				COPY_PHASE_STRIP = NO;
				DEBUG_INFORMATION_FORMAT = "dwarf-with-dsym";
				ENABLE_NS_ASSERTIONS = NO;
				ENABLE_STRICT_OBJC_MSGSEND = YES;
				GCC_C_LANGUAGE_STANDARD = gnu11;
				GCC_NO_COMMON_BLOCKS = YES;
				GCC_WARN_64_TO_32_BIT_CONVERSION = YES;
				GCC_WARN_ABOUT_RETURN_TYPE = YES_ERROR;
				GCC_WARN_UNDECLARED_SELECTOR = YES;
				GCC_WARN_UNINITIALIZED_AUTOS = YES_AGGRESSIVE;
				GCC_WARN_UNUSED_FUNCTION = YES;
				GCC_WARN_UNUSED_VARIABLE = YES;
				IPHONEOS_DEPLOYMENT_TARGET = 11.4;
				MTL_ENABLE_DEBUG_INFO = NO;
				SDKROOT = iphoneos;
				SWIFT_COMPILATION_MODE = wholemodule;
				SWIFT_OPTIMIZATION_LEVEL = "-O";
				VALIDATE_PRODUCT = YES;
			};
			name = Release;
		};
		A95EB1CF20FEC7DE00153CCE /* Debug */ = {
			isa = XCBuildConfiguration;
			buildSettings = {
				ASSETCATALOG_COMPILER_APPICON_NAME = AppIcon;
				CODE_SIGN_STYLE = Automatic;
				INFOPLIST_FILE = AmusementParkPassGeneratorPartTwo/Info.plist;
				LD_RUNPATH_SEARCH_PATHS = (
					"$(inherited)",
					"@executable_path/Frameworks",
				);
				PRODUCT_BUNDLE_IDENTIFIER = com.AmusementParkPassGeneratorPartTwo;
				PRODUCT_NAME = "$(TARGET_NAME)";
				SWIFT_VERSION = 4.0;
				TARGETED_DEVICE_FAMILY = 2;
			};
			name = Debug;
		};
		A95EB1D020FEC7DE00153CCE /* Release */ = {
			isa = XCBuildConfiguration;
			buildSettings = {
				ASSETCATALOG_COMPILER_APPICON_NAME = AppIcon;
				CODE_SIGN_STYLE = Automatic;
				INFOPLIST_FILE = AmusementParkPassGeneratorPartTwo/Info.plist;
				LD_RUNPATH_SEARCH_PATHS = (
					"$(inherited)",
					"@executable_path/Frameworks",
				);
				PRODUCT_BUNDLE_IDENTIFIER = com.AmusementParkPassGeneratorPartTwo;
				PRODUCT_NAME = "$(TARGET_NAME)";
				SWIFT_VERSION = 4.0;
				TARGETED_DEVICE_FAMILY = 2;
			};
			name = Release;
		};
/* End XCBuildConfiguration section */

/* Begin XCConfigurationList section */
		A95EB1B720FEC7DC00153CCE /* Build configuration list for PBXProject "AmusementParkPassGeneratorPartTwo" */ = {
			isa = XCConfigurationList;
			buildConfigurations = (
				A95EB1CC20FEC7DE00153CCE /* Debug */,
				A95EB1CD20FEC7DE00153CCE /* Release */,
			);
			defaultConfigurationIsVisible = 0;
			defaultConfigurationName = Release;
		};
		A95EB1CE20FEC7DE00153CCE /* Build configuration list for PBXNativeTarget "AmusementParkPassGeneratorPartTwo" */ = {
			isa = XCConfigurationList;
			buildConfigurations = (
				A95EB1CF20FEC7DE00153CCE /* Debug */,
				A95EB1D020FEC7DE00153CCE /* Release */,
			);
			defaultConfigurationIsVisible = 0;
			defaultConfigurationName = Release;
		};
/* End XCConfigurationList section */
	};
	rootObject = A95EB1B420FEC7DC00153CCE /* Project object */;
}
